// !$*UTF8*$!
{
	archiveVersion = 1;
	classes = {
	};
	objectVersion = 48;
	objects = {

/* Begin PBXBuildFile section */
		AF66AF282026215E001F716D /* Anchor.swift in Sources */ = {isa = PBXBuildFile; fileRef = AF66AF272026215E001F716D /* Anchor.swift */; };
		AF66AF2A20297C25001F716D /* Plane.swift in Sources */ = {isa = PBXBuildFile; fileRef = AF66AF2920297C25001F716D /* Plane.swift */; };
		AF74DFB3202F7804007616ED /* art.scnassets in Resources */ = {isa = PBXBuildFile; fileRef = AF74DFB2202F7804007616ED /* art.scnassets */; };
		AF96D8E7202BC44400209303 /* MulticastDelegate.swift in Sources */ = {isa = PBXBuildFile; fileRef = AF96D8E0202BC44400209303 /* MulticastDelegate.swift */; };
		AF96D8E8202BC44400209303 /* LibPlacenote.swift in Sources */ = {isa = PBXBuildFile; fileRef = AF96D8E1202BC44400209303 /* LibPlacenote.swift */; };
		AF96D8EA202BC44400209303 /* FeaturePointVisualizer.swift in Sources */ = {isa = PBXBuildFile; fileRef = AF96D8E3202BC44400209303 /* FeaturePointVisualizer.swift */; };
		AF96D8EB202BC44400209303 /* CameraManager.swift in Sources */ = {isa = PBXBuildFile; fileRef = AF96D8E4202BC44400209303 /* CameraManager.swift */; };
		AF96D8EC202BC44400209303 /* Data.bin in Resources */ = {isa = PBXBuildFile; fileRef = AF96D8E5202BC44400209303 /* Data.bin */; };
		AF96D8ED202BC48C00209303 /* Placenote.framework in Frameworks */ = {isa = PBXBuildFile; fileRef = AF96D8E2202BC44400209303 /* Placenote.framework */; };
		AF96D8EE202BC48C00209303 /* Placenote.framework in Embed Frameworks */ = {isa = PBXBuildFile; fileRef = AF96D8E2202BC44400209303 /* Placenote.framework */; settings = {ATTRIBUTES = (CodeSignOnCopy, RemoveHeadersOnCopy, ); }; };
		AFE195CA200ECAEB00924318 /* AppDelegate.swift in Sources */ = {isa = PBXBuildFile; fileRef = AFE195C9200ECAEB00924318 /* AppDelegate.swift */; };
		AFE195CC200ECAEB00924318 /* ViewController.swift in Sources */ = {isa = PBXBuildFile; fileRef = AFE195CB200ECAEB00924318 /* ViewController.swift */; };
		AFE195CF200ECAEB00924318 /* Main.storyboard in Resources */ = {isa = PBXBuildFile; fileRef = AFE195CD200ECAEB00924318 /* Main.storyboard */; };
		AFE195D1200ECAEB00924318 /* Assets.xcassets in Resources */ = {isa = PBXBuildFile; fileRef = AFE195D0200ECAEB00924318 /* Assets.xcassets */; };
		AFE195D4200ECAEB00924318 /* LaunchScreen.storyboard in Resources */ = {isa = PBXBuildFile; fileRef = AFE195D2200ECAEB00924318 /* LaunchScreen.storyboard */; };
/* End PBXBuildFile section */

/* Begin PBXCopyFilesBuildPhase section */
		AF96D8EF202BC48C00209303 /* Embed Frameworks */ = {
			isa = PBXCopyFilesBuildPhase;
			buildActionMask = 2147483647;
			dstPath = "";
			dstSubfolderSpec = 10;
			files = (
				AF96D8EE202BC48C00209303 /* Placenote.framework in Embed Frameworks */,
			);
			name = "Embed Frameworks";
			runOnlyForDeploymentPostprocessing = 0;
		};
/* End PBXCopyFilesBuildPhase section */

/* Begin PBXFileReference section */
		AF66AF272026215E001F716D /* Anchor.swift */ = {isa = PBXFileReference; fileEncoding = 4; lastKnownFileType = sourcecode.swift; path = Anchor.swift; sourceTree = "<group>"; };
		AF66AF2920297C25001F716D /* Plane.swift */ = {isa = PBXFileReference; lastKnownFileType = sourcecode.swift; name = Plane.swift; path = "/Users/pmukherj/scratchpad/scenekit/PlacenoteSDK-Planes/PlacenoteSDK-Planes/Plane.swift"; sourceTree = "<absolute>"; };
		AF74DFB2202F7804007616ED /* art.scnassets */ = {isa = PBXFileReference; lastKnownFileType = wrapper.scnassets; path = art.scnassets; sourceTree = "<group>"; };
		AF96D8E0202BC44400209303 /* MulticastDelegate.swift */ = {isa = PBXFileReference; fileEncoding = 4; lastKnownFileType = sourcecode.swift; path = MulticastDelegate.swift; sourceTree = "<group>"; };
		AF96D8E1202BC44400209303 /* LibPlacenote.swift */ = {isa = PBXFileReference; fileEncoding = 4; lastKnownFileType = sourcecode.swift; path = LibPlacenote.swift; sourceTree = "<group>"; };
		AF96D8E2202BC44400209303 /* Placenote.framework */ = {isa = PBXFileReference; lastKnownFileType = wrapper.framework; path = Placenote.framework; sourceTree = "<group>"; };
		AF96D8E3202BC44400209303 /* FeaturePointVisualizer.swift */ = {isa = PBXFileReference; fileEncoding = 4; lastKnownFileType = sourcecode.swift; path = FeaturePointVisualizer.swift; sourceTree = "<group>"; };
		AF96D8E4202BC44400209303 /* CameraManager.swift */ = {isa = PBXFileReference; fileEncoding = 4; lastKnownFileType = sourcecode.swift; path = CameraManager.swift; sourceTree = "<group>"; };
		AF96D8E5202BC44400209303 /* Data.bin */ = {isa = PBXFileReference; lastKnownFileType = archive.macbinary; path = Data.bin; sourceTree = "<group>"; };
		AF96D8E6202BC44400209303 /* PlacenoteSDK-Bridging-Header.h */ = {isa = PBXFileReference; fileEncoding = 4; lastKnownFileType = sourcecode.c.h; path = "PlacenoteSDK-Bridging-Header.h"; sourceTree = "<group>"; };
		AFE195C6200ECAEA00924318 /* PlacenoteSDK-Planes.app */ = {isa = PBXFileReference; explicitFileType = wrapper.application; includeInIndex = 0; path = "PlacenoteSDK-Planes.app"; sourceTree = BUILT_PRODUCTS_DIR; };
		AFE195C9200ECAEB00924318 /* AppDelegate.swift */ = {isa = PBXFileReference; lastKnownFileType = sourcecode.swift; path = AppDelegate.swift; sourceTree = "<group>"; };
		AFE195CB200ECAEB00924318 /* ViewController.swift */ = {isa = PBXFileReference; lastKnownFileType = sourcecode.swift; path = ViewController.swift; sourceTree = "<group>"; };
		AFE195CE200ECAEB00924318 /* Base */ = {isa = PBXFileReference; lastKnownFileType = file.storyboard; name = Base; path = Base.lproj/Main.storyboard; sourceTree = "<group>"; };
		AFE195D0200ECAEB00924318 /* Assets.xcassets */ = {isa = PBXFileReference; lastKnownFileType = folder.assetcatalog; path = Assets.xcassets; sourceTree = "<group>"; };
		AFE195D3200ECAEB00924318 /* Base */ = {isa = PBXFileReference; lastKnownFileType = file.storyboard; name = Base; path = Base.lproj/LaunchScreen.storyboard; sourceTree = "<group>"; };
		AFE195D5200ECAEB00924318 /* Info.plist */ = {isa = PBXFileReference; lastKnownFileType = text.plist.xml; path = Info.plist; sourceTree = "<group>"; };
/* End PBXFileReference section */

/* Begin PBXFrameworksBuildPhase section */
		AFE195C3200ECAEA00924318 /* Frameworks */ = {
			isa = PBXFrameworksBuildPhase;
			buildActionMask = 2147483647;
			files = (
				AF96D8ED202BC48C00209303 /* Placenote.framework in Frameworks */,
			);
			runOnlyForDeploymentPostprocessing = 0;
		};
/* End PBXFrameworksBuildPhase section */

/* Begin PBXGroup section */
		AF96D8DF202BC44400209303 /* PNSDK */ = {
			isa = PBXGroup;
			children = (
				AF96D8E0202BC44400209303 /* MulticastDelegate.swift */,
				AF96D8E1202BC44400209303 /* LibPlacenote.swift */,
				AF96D8E2202BC44400209303 /* Placenote.framework */,
				AF96D8E3202BC44400209303 /* FeaturePointVisualizer.swift */,
				AF96D8E4202BC44400209303 /* CameraManager.swift */,
				AF96D8E5202BC44400209303 /* Data.bin */,
			);
			path = PNSDK;
			sourceTree = "<group>";
		};
		AFE195BD200ECAEA00924318 = {
			isa = PBXGroup;
			children = (
				AFE195C8200ECAEA00924318 /* PlacenoteSDK-Planes */,
				AFE195C7200ECAEA00924318 /* Products */,
			);
			sourceTree = "<group>";
		};
		AFE195C7200ECAEA00924318 /* Products */ = {
			isa = PBXGroup;
			children = (
				AFE195C6200ECAEA00924318 /* PlacenoteSDK-Planes.app */,
			);
			name = Products;
			sourceTree = "<group>";
		};
		AFE195C8200ECAEA00924318 /* PlacenoteSDK-Planes */ = {
			isa = PBXGroup;
			children = (
				AF96D8E6202BC44400209303 /* PlacenoteSDK-Bridging-Header.h */,
				AF96D8DF202BC44400209303 /* PNSDK */,
				AF66AF272026215E001F716D /* Anchor.swift */,
				AF66AF2920297C25001F716D /* Plane.swift */,
				AFE195C9200ECAEB00924318 /* AppDelegate.swift */,
				AFE195CB200ECAEB00924318 /* ViewController.swift */,
				AFE195CD200ECAEB00924318 /* Main.storyboard */,
				AFE195D0200ECAEB00924318 /* Assets.xcassets */,
				AFE195D2200ECAEB00924318 /* LaunchScreen.storyboard */,
				AFE195D5200ECAEB00924318 /* Info.plist */,
				AF74DFB2202F7804007616ED /* art.scnassets */,
			);
			path = "PlacenoteSDK-Planes";
			sourceTree = "<group>";
		};
/* End PBXGroup section */

/* Begin PBXNativeTarget section */
		AFE195C5200ECAEA00924318 /* PlacenoteSDK-Planes */ = {
			isa = PBXNativeTarget;
			buildConfigurationList = AFE195D8200ECAEB00924318 /* Build configuration list for PBXNativeTarget "PlacenoteSDK-Planes" */;
			buildPhases = (
				AFE195C2200ECAEA00924318 /* Sources */,
				AFE195C3200ECAEA00924318 /* Frameworks */,
				AFE195C4200ECAEA00924318 /* Resources */,
				AF96D8EF202BC48C00209303 /* Embed Frameworks */,
			);
			buildRules = (
			);
			dependencies = (
			);
			name = "PlacenoteSDK-Planes";
			productName = "PlacenoteSDK-Planes";
			productReference = AFE195C6200ECAEA00924318 /* PlacenoteSDK-Planes.app */;
			productType = "com.apple.product-type.application";
		};
/* End PBXNativeTarget section */

/* Begin PBXProject section */
		AFE195BE200ECAEA00924318 /* Project object */ = {
			isa = PBXProject;
			attributes = {
				LastSwiftUpdateCheck = 0920;
				LastUpgradeCheck = 0920;
				ORGANIZATIONNAME = "Vertical AI";
				TargetAttributes = {
					AFE195C5200ECAEA00924318 = {
						CreatedOnToolsVersion = 9.2;
						ProvisioningStyle = Automatic;
					};
				};
			};
			buildConfigurationList = AFE195C1200ECAEA00924318 /* Build configuration list for PBXProject "PlacenoteSDK-Planes" */;
			compatibilityVersion = "Xcode 8.0";
			developmentRegion = en;
			hasScannedForEncodings = 0;
			knownRegions = (
				en,
				Base,
			);
			mainGroup = AFE195BD200ECAEA00924318;
			productRefGroup = AFE195C7200ECAEA00924318 /* Products */;
			projectDirPath = "";
			projectRoot = "";
			targets = (
				AFE195C5200ECAEA00924318 /* PlacenoteSDK-Planes */,
			);
		};
/* End PBXProject section */

/* Begin PBXResourcesBuildPhase section */
		AFE195C4200ECAEA00924318 /* Resources */ = {
			isa = PBXResourcesBuildPhase;
			buildActionMask = 2147483647;
			files = (
				AF74DFB3202F7804007616ED /* art.scnassets in Resources */,
				AFE195D4200ECAEB00924318 /* LaunchScreen.storyboard in Resources */,
				AF96D8EC202BC44400209303 /* Data.bin in Resources */,
				AFE195D1200ECAEB00924318 /* Assets.xcassets in Resources */,
				AFE195CF200ECAEB00924318 /* Main.storyboard in Resources */,
			);
			runOnlyForDeploymentPostprocessing = 0;
		};
/* End PBXResourcesBuildPhase section */

/* Begin PBXSourcesBuildPhase section */
		AFE195C2200ECAEA00924318 /* Sources */ = {
			isa = PBXSourcesBuildPhase;
			buildActionMask = 2147483647;
			files = (
				AFE195CC200ECAEB00924318 /* ViewController.swift in Sources */,
				AF96D8EA202BC44400209303 /* FeaturePointVisualizer.swift in Sources */,
				AF96D8EB202BC44400209303 /* CameraManager.swift in Sources */,
				AF66AF282026215E001F716D /* Anchor.swift in Sources */,
				AF96D8E7202BC44400209303 /* MulticastDelegate.swift in Sources */,
				AF96D8E8202BC44400209303 /* LibPlacenote.swift in Sources */,
				AF66AF2A20297C25001F716D /* Plane.swift in Sources */,
				AFE195CA200ECAEB00924318 /* AppDelegate.swift in Sources */,
			);
			runOnlyForDeploymentPostprocessing = 0;
		};
/* End PBXSourcesBuildPhase section */

/* Begin PBXVariantGroup section */
		AFE195CD200ECAEB00924318 /* Main.storyboard */ = {
			isa = PBXVariantGroup;
			children = (
				AFE195CE200ECAEB00924318 /* Base */,
			);
			name = Main.storyboard;
			sourceTree = "<group>";
		};
		AFE195D2200ECAEB00924318 /* LaunchScreen.storyboard */ = {
			isa = PBXVariantGroup;
			children = (
				AFE195D3200ECAEB00924318 /* Base */,
			);
			name = LaunchScreen.storyboard;
			sourceTree = "<group>";
		};
/* End PBXVariantGroup section */

/* Begin XCBuildConfiguration section */
		AFE195D6200ECAEB00924318 /* Debug */ = {
			isa = XCBuildConfiguration;
			buildSettings = {
				ALWAYS_SEARCH_USER_PATHS = NO;
				CLANG_ANALYZER_NONNULL = YES;
				CLANG_ANALYZER_NUMBER_OBJECT_CONVERSION = YES_AGGRESSIVE;
				CLANG_CXX_LANGUAGE_STANDARD = "gnu++14";
				CLANG_CXX_LIBRARY = "libc++";
				CLANG_ENABLE_MODULES = YES;
				CLANG_ENABLE_OBJC_ARC = YES;
				CLANG_WARN_BLOCK_CAPTURE_AUTORELEASING = YES;
				CLANG_WARN_BOOL_CONVERSION = YES;
				CLANG_WARN_COMMA = YES;
				CLANG_WARN_CONSTANT_CONVERSION = YES;
				CLANG_WARN_DIRECT_OBJC_ISA_USAGE = YES_ERROR;
				CLANG_WARN_DOCUMENTATION_COMMENTS = YES;
				CLANG_WARN_EMPTY_BODY = YES;
				CLANG_WARN_ENUM_CONVERSION = YES;
				CLANG_WARN_INFINITE_RECURSION = YES;
				CLANG_WARN_INT_CONVERSION = YES;
				CLANG_WARN_NON_LITERAL_NULL_CONVERSION = YES;
				CLANG_WARN_OBJC_LITERAL_CONVERSION = YES;
				CLANG_WARN_OBJC_ROOT_CLASS = YES_ERROR;
				CLANG_WARN_RANGE_LOOP_ANALYSIS = YES;
				CLANG_WARN_STRICT_PROTOTYPES = YES;
				CLANG_WARN_SUSPICIOUS_MOVE = YES;
				CLANG_WARN_UNGUARDED_AVAILABILITY = YES_AGGRESSIVE;
				CLANG_WARN_UNREACHABLE_CODE = YES;
				CLANG_WARN__DUPLICATE_METHOD_MATCH = YES;
				CODE_SIGN_IDENTITY = "iPhone Developer";
				COPY_PHASE_STRIP = NO;
				DEBUG_INFORMATION_FORMAT = dwarf;
				ENABLE_STRICT_OBJC_MSGSEND = YES;
				ENABLE_TESTABILITY = YES;
				GCC_C_LANGUAGE_STANDARD = gnu11;
				GCC_DYNAMIC_NO_PIC = NO;
				GCC_NO_COMMON_BLOCKS = YES;
				GCC_OPTIMIZATION_LEVEL = 0;
				GCC_PREPROCESSOR_DEFINITIONS = (
					"DEBUG=1",
					"$(inherited)",
				);
				GCC_WARN_64_TO_32_BIT_CONVERSION = YES;
				GCC_WARN_ABOUT_RETURN_TYPE = YES_ERROR;
				GCC_WARN_UNDECLARED_SELECTOR = YES;
				GCC_WARN_UNINITIALIZED_AUTOS = YES_AGGRESSIVE;
				GCC_WARN_UNUSED_FUNCTION = YES;
				GCC_WARN_UNUSED_VARIABLE = YES;
				IPHONEOS_DEPLOYMENT_TARGET = 11.2;
				MTL_ENABLE_DEBUG_INFO = YES;
				ONLY_ACTIVE_ARCH = YES;
				SDKROOT = iphoneos;
				SWIFT_ACTIVE_COMPILATION_CONDITIONS = DEBUG;
				SWIFT_OPTIMIZATION_LEVEL = "-Onone";
			};
			name = Debug;
		};
		AFE195D7200ECAEB00924318 /* Release */ = {
			isa = XCBuildConfiguration;
			buildSettings = {
				ALWAYS_SEARCH_USER_PATHS = NO;
				CLANG_ANALYZER_NONNULL = YES;
				CLANG_ANALYZER_NUMBER_OBJECT_CONVERSION = YES_AGGRESSIVE;
				CLANG_CXX_LANGUAGE_STANDARD = "gnu++14";
				CLANG_CXX_LIBRARY = "libc++";
				CLANG_ENABLE_MODULES = YES;
				CLANG_ENABLE_OBJC_ARC = YES;
				CLANG_WARN_BLOCK_CAPTURE_AUTORELEASING = YES;
				CLANG_WARN_BOOL_CONVERSION = YES;
				CLANG_WARN_COMMA = YES;
				CLANG_WARN_CONSTANT_CONVERSION = YES;
				CLANG_WARN_DIRECT_OBJC_ISA_USAGE = YES_ERROR;
				CLANG_WARN_DOCUMENTATION_COMMENTS = YES;
				CLANG_WARN_EMPTY_BODY = YES;
				CLANG_WARN_ENUM_CONVERSION = YES;
				CLANG_WARN_INFINITE_RECURSION = YES;
				CLANG_WARN_INT_CONVERSION = YES;
				CLANG_WARN_NON_LITERAL_NULL_CONVERSION = YES;
				CLANG_WARN_OBJC_LITERAL_CONVERSION = YES;
				CLANG_WARN_OBJC_ROOT_CLASS = YES_ERROR;
				CLANG_WARN_RANGE_LOOP_ANALYSIS = YES;
				CLANG_WARN_STRICT_PROTOTYPES = YES;
				CLANG_WARN_SUSPICIOUS_MOVE = YES;
				CLANG_WARN_UNGUARDED_AVAILABILITY = YES_AGGRESSIVE;
				CLANG_WARN_UNREACHABLE_CODE = YES;
				CLANG_WARN__DUPLICATE_METHOD_MATCH = YES;
				CODE_SIGN_IDENTITY = "iPhone Developer";
				COPY_PHASE_STRIP = NO;
				DEBUG_INFORMATION_FORMAT = "dwarf-with-dsym";
				ENABLE_NS_ASSERTIONS = NO;
				ENABLE_STRICT_OBJC_MSGSEND = YES;
				GCC_C_LANGUAGE_STANDARD = gnu11;
				GCC_NO_COMMON_BLOCKS = YES;
				GCC_WARN_64_TO_32_BIT_CONVERSION = YES;
				GCC_WARN_ABOUT_RETURN_TYPE = YES_ERROR;
				GCC_WARN_UNDECLARED_SELECTOR = YES;
				GCC_WARN_UNINITIALIZED_AUTOS = YES_AGGRESSIVE;
				GCC_WARN_UNUSED_FUNCTION = YES;
				GCC_WARN_UNUSED_VARIABLE = YES;
				IPHONEOS_DEPLOYMENT_TARGET = 11.2;
				MTL_ENABLE_DEBUG_INFO = NO;
				SDKROOT = iphoneos;
				SWIFT_OPTIMIZATION_LEVEL = "-Owholemodule";
				VALIDATE_PRODUCT = YES;
			};
			name = Release;
		};
		AFE195D9200ECAEB00924318 /* Debug */ = {
			isa = XCBuildConfiguration;
			buildSettings = {
				ASSETCATALOG_COMPILER_APPICON_NAME = AppIcon;
				CODE_SIGN_STYLE = Automatic;
				DEVELOPMENT_TEAM = 76PMXP42RV;
				ENABLE_BITCODE = NO;
				FRAMEWORK_SEARCH_PATHS = (
					"$(inherited)",
					"$(PROJECT_DIR)/PlacenoteSDK-Planes/PNSDK",
				);
				HEADER_SEARCH_PATHS = "$(PROJECT_DIR)/PlacenoteSDK-Planes/PNSDK/Placenote.framework/Headers/";
				INFOPLIST_FILE = "PlacenoteSDK-Planes/Info.plist";
				LD_RUNPATH_SEARCH_PATHS = "$(inherited) @executable_path/Frameworks";
				PRODUCT_BUNDLE_IDENTIFIER = "vertical.PlacenoteSDK-Planes";
				PRODUCT_NAME = "$(TARGET_NAME)";
				SWIFT_OBJC_BRIDGING_HEADER = "$(PROJECT_DIR)/PlacenoteSDK-Planes/PlacenoteSDK-Bridging-Header.h";
				SWIFT_VERSION = 4.0;
				TARGETED_DEVICE_FAMILY = "1,2";
			};
			name = Debug;
		};
		AFE195DA200ECAEB00924318 /* Release */ = {
			isa = XCBuildConfiguration;
			buildSettings = {
				ASSETCATALOG_COMPILER_APPICON_NAME = AppIcon;
				CODE_SIGN_STYLE = Automatic;
				DEVELOPMENT_TEAM = 76PMXP42RV;
				ENABLE_BITCODE = NO;
				FRAMEWORK_SEARCH_PATHS = (
					"$(inherited)",
					"$(PROJECT_DIR)/PlacenoteSDK-Planes/PNSDK",
				);
				HEADER_SEARCH_PATHS = "$(PROJECT_DIR)/PlacenoteSDK-Planes/PNSDK/Placenote.framework/Headers/";
				INFOPLIST_FILE = "PlacenoteSDK-Planes/Info.plist";
				LD_RUNPATH_SEARCH_PATHS = "$(inherited) @executable_path/Frameworks";
				PRODUCT_BUNDLE_IDENTIFIER = "vertical.PlacenoteSDK-Planes";
				PRODUCT_NAME = "$(TARGET_NAME)";
				SWIFT_OBJC_BRIDGING_HEADER = "$(PROJECT_DIR)/PlacenoteSDK-Planes/PlacenoteSDK-Bridging-Header.h";
				SWIFT_VERSION = 4.0;
				TARGETED_DEVICE_FAMILY = "1,2";
			};
			name = Release;
		};
/* End XCBuildConfiguration section */

/* Begin XCConfigurationList section */
		AFE195C1200ECAEA00924318 /* Build configuration list for PBXProject "PlacenoteSDK-Planes" */ = {
			isa = XCConfigurationList;
			buildConfigurations = (
				AFE195D6200ECAEB00924318 /* Debug */,
				AFE195D7200ECAEB00924318 /* Release */,
			);
			defaultConfigurationIsVisible = 0;
			defaultConfigurationName = Release;
		};
		AFE195D8200ECAEB00924318 /* Build configuration list for PBXNativeTarget "PlacenoteSDK-Planes" */ = {
			isa = XCConfigurationList;
			buildConfigurations = (
				AFE195D9200ECAEB00924318 /* Debug */,
				AFE195DA200ECAEB00924318 /* Release */,
			);
			defaultConfigurationIsVisible = 0;
			defaultConfigurationName = Release;
		};
/* End XCConfigurationList section */
	};
	rootObject = AFE195BE200ECAEA00924318 /* Project object */;
}
